
Microsoft Visual Studio Solution File, Format Version 12.00
# Visual Studio 2012
Project("{FAE04EC0-301F-11D3-BF4B-00C04F79EFBC}") = "cSharp", "cSharp.csproj", "{714802D5-AD82-4FC7-A698-E655B604C75A}"
EndProject
Global
	GlobalSection(SolutionConfigurationPlatforms) = preSolution
		Debug|Any CPU = Debug|Any CPU
		Release|Any CPU = Release|Any CPU
	EndGlobalSection
	GlobalSection(ProjectConfigurationPlatforms) = postSolution
		{714802D5-AD82-4FC7-A698-E655B604C75A}.Debug|Any CPU.ActiveCfg = Debug|Any CPU
		{714802D5-AD82-4FC7-A698-E655B604C75A}.Debug|Any CPU.Build.0 = Debug|Any CPU
		{714802D5-AD82-4FC7-A698-E655B604C75A}.Release|Any CPU.ActiveCfg = Release|Any CPU
		{714802D5-AD82-4FC7-A698-E655B604C75A}.Release|Any CPU.Build.0 = Release|Any CPU
	EndGlobalSection
	GlobalSection(SolutionProperties) = preSolution
		HideSolutionNode = FALSE
	EndGlobalSection
EndGlobal
